
Microsoft Visual Studio Solution File, Format Version 12.00
# Visual Studio Version 17
VisualStudioVersion = 17.0.31903.59
MinimumVisualStudioVersion = 10.0.40219.1
Project("{2150E333-8FDC-42A3-9474-1A3956D46DE8}") = "src", "src", "{BE4CE909-13BA-49F0-89C0-80FF66650F26}"
EndProject
Project("{FAE04EC0-301F-11D3-BF4B-00C04F79EFBC}") = "PriceCalculator.Api", "src\PriceCalculator.Api\PriceCalculator.Api.csproj", "{2BB6C88E-FDA3-4C3A-AD09-549AEDFD57CD}"
EndProject
Project("{FAE04EC0-301F-11D3-BF4B-00C04F79EFBC}") = "PriceCalculator.Domain", "src\PriceCalculator.Domain\PriceCalculator.Domain.csproj", "{4F020114-22F3-432D-B23D-FEB6C95D34B0}"
EndProject
Project("{FAE04EC0-301F-11D3-BF4B-00C04F79EFBC}") = "PriceCalculator.Infrastructure", "src\PriceCalculator.Infrastructure\PriceCalculator.Infrastructure.csproj", "{51C629B7-6F09-4D40-AC5E-C4CEC43511DF}"
EndProject
Global
	GlobalSection(SolutionConfigurationPlatforms) = preSolution
		Debug|Any CPU = Debug|Any CPU
		Release|Any CPU = Release|Any CPU
	EndGlobalSection
	GlobalSection(SolutionProperties) = preSolution
		HideSolutionNode = FALSE
	EndGlobalSection
	GlobalSection(ProjectConfigurationPlatforms) = postSolution
		{2BB6C88E-FDA3-4C3A-AD09-549AEDFD57CD}.Debug|Any CPU.ActiveCfg = Debug|Any CPU
		{2BB6C88E-FDA3-4C3A-AD09-549AEDFD57CD}.Debug|Any CPU.Build.0 = Debug|Any CPU
		{2BB6C88E-FDA3-4C3A-AD09-549AEDFD57CD}.Release|Any CPU.ActiveCfg = Release|Any CPU
		{2BB6C88E-FDA3-4C3A-AD09-549AEDFD57CD}.Release|Any CPU.Build.0 = Release|Any CPU
		{4F020114-22F3-432D-B23D-FEB6C95D34B0}.Debug|Any CPU.ActiveCfg = Debug|Any CPU
		{4F020114-22F3-432D-B23D-FEB6C95D34B0}.Debug|Any CPU.Build.0 = Debug|Any CPU
		{4F020114-22F3-432D-B23D-FEB6C95D34B0}.Release|Any CPU.ActiveCfg = Release|Any CPU
		{4F020114-22F3-432D-B23D-FEB6C95D34B0}.Release|Any CPU.Build.0 = Release|Any CPU
		{51C629B7-6F09-4D40-AC5E-C4CEC43511DF}.Debug|Any CPU.ActiveCfg = Debug|Any CPU
		{51C629B7-6F09-4D40-AC5E-C4CEC43511DF}.Debug|Any CPU.Build.0 = Debug|Any CPU
		{51C629B7-6F09-4D40-AC5E-C4CEC43511DF}.Release|Any CPU.ActiveCfg = Release|Any CPU
		{51C629B7-6F09-4D40-AC5E-C4CEC43511DF}.Release|Any CPU.Build.0 = Release|Any CPU
	EndGlobalSection
	GlobalSection(NestedProjects) = preSolution
		{2BB6C88E-FDA3-4C3A-AD09-549AEDFD57CD} = {BE4CE909-13BA-49F0-89C0-80FF66650F26}
		{4F020114-22F3-432D-B23D-FEB6C95D34B0} = {BE4CE909-13BA-49F0-89C0-80FF66650F26}
		{51C629B7-6F09-4D40-AC5E-C4CEC43511DF} = {BE4CE909-13BA-49F0-89C0-80FF66650F26}
	EndGlobalSection
EndGlobal
